
Microsoft Visual Studio Solution File, Format Version 12.00
# Visual Studio Version 17
VisualStudioVersion = 17.0.31903.59
MinimumVisualStudioVersion = 10.0.40219.1
Project("{FAE04EC0-301F-11D3-BF4B-00C04F79EFBC}") = "Cordspan", "src\Cordspan\Cordspan.csproj", "{E4D9BFB5-40E0-48E8-A106-50397D4765F7}"
EndProject
Project("{FAE04EC0-301F-11D3-BF4B-00C04F79EFBC}") = "Cordspan.Core", "src\Cordspan.Core\Cordspan.Core.csproj", "{B37392C0-9904-4D0A-A46E-C697643714DF}"
EndProject
Project("{2150E333-8FDC-42A3-9474-1A3956D46DE8}") = "tests", "tests", "{0AB3BF05-4346-4AA6-1389-037BE0695223}"
EndProject
Project("{FAE04EC0-301F-11D3-BF4B-00C04F79EFBC}") = "Cordspan.Tests", "tests\Cordspan.Tests\Cordspan.Tests.csproj", "{97BB05CF-2F5C-4454-A161-4BCF57A7E014}"
EndProject
Global
	GlobalSection(SolutionConfigurationPlatforms) = preSolution
		Debug|x64 = Debug|x64
		Debug|Any CPU = Debug|Any CPU
		Debug|x86 = Debug|x86
		Release|x64 = Release|x64
		Release|Any CPU = Release|Any CPU
		Release|x86 = Release|x86
	EndGlobalSection
	GlobalSection(ProjectConfigurationPlatforms) = postSolution
		{E4D9BFB5-40E0-48E8-A106-50397D4765F7}.Debug|x64.ActiveCfg = Debug|x64
		{E4D9BFB5-40E0-48E8-A106-50397D4765F7}.Debug|x64.Build.0 = Debug|x64
		{E4D9BFB5-40E0-48E8-A106-50397D4765F7}.Debug|Any CPU.ActiveCfg = Debug|Any CPU
		{E4D9BFB5-40E0-48E8-A106-50397D4765F7}.Debug|Any CPU.Build.0 = Debug|Any CPU
		{E4D9BFB5-40E0-48E8-A106-50397D4765F7}.Debug|x86.ActiveCfg = Debug|Any CPU
		{E4D9BFB5-40E0-48E8-A106-50397D4765F7}.Debug|x86.Build.0 = Debug|Any CPU
		{E4D9BFB5-40E0-48E8-A106-50397D4765F7}.Release|x64.ActiveCfg = Release|x64
		{E4D9BFB5-40E0-48E8-A106-50397D4765F7}.Release|x64.Build.0 = Release|x64
		{E4D9BFB5-40E0-48E8-A106-50397D4765F7}.Release|Any CPU.ActiveCfg = Release|Any CPU
		{E4D9BFB5-40E0-48E8-A106-50397D4765F7}.Release|Any CPU.Build.0 = Release|Any CPU
		{E4D9BFB5-40E0-48E8-A106-50397D4765F7}.Release|x86.ActiveCfg = Release|Any CPU
		{E4D9BFB5-40E0-48E8-A106-50397D4765F7}.Release|x86.Build.0 = Release|Any CPU
		{B37392C0-9904-4D0A-A46E-C697643714DF}.Debug|x64.ActiveCfg = Debug|Any CPU
		{B37392C0-9904-4D0A-A46E-C697643714DF}.Debug|x64.Build.0 = Debug|Any CPU
		{B37392C0-9904-4D0A-A46E-C697643714DF}.Debug|Any CPU.ActiveCfg = Debug|Any CPU
		{B37392C0-9904-4D0A-A46E-C697643714DF}.Debug|Any CPU.Build.0 = Debug|Any CPU
		{B37392C0-9904-4D0A-A46E-C697643714DF}.Debug|x86.ActiveCfg = Debug|Any CPU
		{B37392C0-9904-4D0A-A46E-C697643714DF}.Debug|x86.Build.0 = Debug|Any CPU
		{B37392C0-9904-4D0A-A46E-C697643714DF}.Release|x64.ActiveCfg = Release|Any CPU
		{B37392C0-9904-4D0A-A46E-C697643714DF}.Release|x64.Build.0 = Release|Any CPU
		{B37392C0-9904-4D0A-A46E-C697643714DF}.Release|Any CPU.ActiveCfg = Release|Any CPU
		{B37392C0-9904-4D0A-A46E-C697643714DF}.Release|Any CPU.Build.0 = Release|Any CPU
		{B37392C0-9904-4D0A-A46E-C697643714DF}.Release|x86.ActiveCfg = Release|Any CPU
		{B37392C0-9904-4D0A-A46E-C697643714DF}.Release|x86.Build.0 = Release|Any CPU
		{97BB05CF-2F5C-4454-A161-4BCF57A7E014}.Debug|x64.ActiveCfg = Debug|x64
		{97BB05CF-2F5C-4454-A161-4BCF57A7E014}.Debug|x64.Build.0 = Debug|x64
		{97BB05CF-2F5C-4454-A161-4BCF57A7E014}.Debug|Any CPU.ActiveCfg = Debug|Any CPU
		{97BB05CF-2F5C-4454-A161-4BCF57A7E014}.Debug|Any CPU.Build.0 = Debug|Any CPU
		{97BB05CF-2F5C-4454-A161-4BCF57A7E014}.Debug|x86.ActiveCfg = Debug|Any CPU
		{97BB05CF-2F5C-4454-A161-4BCF57A7E014}.Debug|x86.Build.0 = Debug|Any CPU
		{97BB05CF-2F5C-4454-A161-4BCF57A7E014}.Release|x64.ActiveCfg = Release|x64
		{97BB05CF-2F5C-4454-A161-4BCF57A7E014}.Release|x64.Build.0 = Release|x64
		{97BB05CF-2F5C-4454-A161-4BCF57A7E014}.Release|Any CPU.ActiveCfg = Release|Any CPU
		{97BB05CF-2F5C-4454-A161-4BCF57A7E014}.Release|Any CPU.Build.0 = Release|Any CPU
		{97BB05CF-2F5C-4454-A161-4BCF57A7E014}.Release|x86.ActiveCfg = Release|Any CPU
		{97BB05CF-2F5C-4454-A161-4BCF57A7E014}.Release|x86.Build.0 = Release|Any CPU
	EndGlobalSection
	GlobalSection(SolutionProperties) = preSolution
		HideSolutionNode = FALSE
	EndGlobalSection
	GlobalSection(NestedProjects) = preSolution
		{97BB05CF-2F5C-4454-A161-4BCF57A7E014} = {0AB3BF05-4346-4AA6-1389-037BE0695223}
	EndGlobalSection
EndGlobal
